
Microsoft Visual Studio Solution File, Format Version 12.00
# Visual Studio Version 17
VisualStudioVersion = 17.7.34031.279
MinimumVisualStudioVersion = 10.0.40219.1
Project("{FAE04EC0-301F-11D3-BF4B-00C04F79EFBC}") = "WebApplication1", "WebApplication1.csproj", "{A7715B48-32C8-4911-98D1-5C7D0D39D02B}"
EndProject
Global
	GlobalSection(SolutionConfigurationPlatforms) = preSolution
		Debug|Any CPU = Debug|Any CPU
		Release|Any CPU = Release|Any CPU
	EndGlobalSection
	GlobalSection(ProjectConfigurationPlatforms) = postSolution
		{A7715B48-32C8-4911-98D1-5C7D0D39D02B}.Debug|Any CPU.ActiveCfg = Debug|Any CPU
		{A7715B48-32C8-4911-98D1-5C7D0D39D02B}.Debug|Any CPU.Build.0 = Debug|Any CPU
		{A7715B48-32C8-4911-98D1-5C7D0D39D02B}.Release|Any CPU.ActiveCfg = Release|Any CPU
		{A7715B48-32C8-4911-98D1-5C7D0D39D02B}.Release|Any CPU.Build.0 = Release|Any CPU
	EndGlobalSection
	GlobalSection(SolutionProperties) = preSolution
		HideSolutionNode = FALSE
	EndGlobalSection
	GlobalSection(ExtensibilityGlobals) = postSolution
		SolutionGuid = {D8AA829A-DA11-49E4-A090-7CFFD0BF72A4}
	EndGlobalSection
EndGlobal
